// !$*UTF8*$!
{
	archiveVersion = 1;
	classes = {
	};
	objectVersion = 56;
	objects = {

/* Begin PBXBuildFile section */
		FA0DAFA62A557393000AD6F5 /* StateBootcamp.swift in Sources */ = {isa = PBXBuildFile; fileRef = FA0DAFA52A557393000AD6F5 /* StateBootcamp.swift */; };
		FA0DAFA82A5577DC000AD6F5 /* ExtractedBootcamp.swift in Sources */ = {isa = PBXBuildFile; fileRef = FA0DAFA72A5577DC000AD6F5 /* ExtractedBootcamp.swift */; };
		FA2CE5792A53F4CF00B3E6B9 /* ButtonsBootcamp.swift in Sources */ = {isa = PBXBuildFile; fileRef = FA2CE5782A53F4CF00B3E6B9 /* ButtonsBootcamp.swift */; };
		FA387F202A529AEB0098E444 /* GrideBootcamp.swift in Sources */ = {isa = PBXBuildFile; fileRef = FA387F1F2A529AEB0098E444 /* GrideBootcamp.swift */; };
		FA387F222A52A3B20098E444 /* SafeAreaBootcamp.swift in Sources */ = {isa = PBXBuildFile; fileRef = FA387F212A52A3B20098E444 /* SafeAreaBootcamp.swift */; };
		FA443EA42A5BED17005DA38D /* ExtractSubviewBootcap.swift in Sources */ = {isa = PBXBuildFile; fileRef = FA443EA32A5BED17005DA38D /* ExtractSubviewBootcap.swift */; };
		FA443EA62A5BF2F2005DA38D /* Bindengootcamp.swift in Sources */ = {isa = PBXBuildFile; fileRef = FA443EA52A5BF2F2005DA38D /* Bindengootcamp.swift */; };
		FA4D20EB2A5D2B5B00224DA8 /* ConditionakBootcamp.swift in Sources */ = {isa = PBXBuildFile; fileRef = FA4D20EA2A5D2B5B00224DA8 /* ConditionakBootcamp.swift */; };
		FA4D20ED2A5D354C00224DA8 /* TernaryOperBootcamp.swift in Sources */ = {isa = PBXBuildFile; fileRef = FA4D20EC2A5D354C00224DA8 /* TernaryOperBootcamp.swift */; };
		FA4D20EF2A5D38A600224DA8 /* AnimationBootcamp.swift in Sources */ = {isa = PBXBuildFile; fileRef = FA4D20EE2A5D38A600224DA8 /* AnimationBootcamp.swift */; };
		FA5987BC2A5E8B40003BC031 /* AnimationCurves.swift in Sources */ = {isa = PBXBuildFile; fileRef = FA5987BB2A5E8B40003BC031 /* AnimationCurves.swift */; };
		FA5987BE2A5E956D003BC031 /* TransitionBootcamp.swift in Sources */ = {isa = PBXBuildFile; fileRef = FA5987BD2A5E956D003BC031 /* TransitionBootcamp.swift */; };
		FA5DD83F2A496BCD00A96083 /* StacksBootcamp.swift in Sources */ = {isa = PBXBuildFile; fileRef = FA5DD83E2A496BCD00A96083 /* StacksBootcamp.swift */; };
		FA5DD8432A49751200A96083 /* PaddingAndSpacerBootcamp.swift in Sources */ = {isa = PBXBuildFile; fileRef = FA5DD8422A49751200A96083 /* PaddingAndSpacerBootcamp.swift */; };
		FA5F5E432A4D5AB40089EDC1 /* ForEachBootcamp.swift in Sources */ = {isa = PBXBuildFile; fileRef = FA5F5E422A4D5AB40089EDC1 /* ForEachBootcamp.swift */; };
		FA5F5E632A4EAA7E0089EDC1 /* ScrollViewBootcamp.swift in Sources */ = {isa = PBXBuildFile; fileRef = FA5F5E622A4EAA7E0089EDC1 /* ScrollViewBootcamp.swift */; };
		FA5F863A2A42DB9400D277B2 /* Shapes.swift in Sources */ = {isa = PBXBuildFile; fileRef = FA5F86392A42DB9400D277B2 /* Shapes.swift */; };
		FA5F863C2A42DFD200D277B2 /* ColorBootcamp.swift in Sources */ = {isa = PBXBuildFile; fileRef = FA5F863B2A42DFD200D277B2 /* ColorBootcamp.swift */; };
		FA5F863E2A42E50700D277B2 /* GradientsBootcamp.swift in Sources */ = {isa = PBXBuildFile; fileRef = FA5F863D2A42E50700D277B2 /* GradientsBootcamp.swift */; };
		FA5F86402A42E90C00D277B2 /* IconBootcamp.swift in Sources */ = {isa = PBXBuildFile; fileRef = FA5F863F2A42E90C00D277B2 /* IconBootcamp.swift */; };
		FA8315622A41EFA00001256E /* SwiftUIBootcampApp.swift in Sources */ = {isa = PBXBuildFile; fileRef = FA8315612A41EFA00001256E /* SwiftUIBootcampApp.swift */; };
		FA8315642A41EFA00001256E /* ContentView.swift in Sources */ = {isa = PBXBuildFile; fileRef = FA8315632A41EFA00001256E /* ContentView.swift */; };
		FA8315662A41EFA20001256E /* Assets.xcassets in Resources */ = {isa = PBXBuildFile; fileRef = FA8315652A41EFA20001256E /* Assets.xcassets */; };
		FA8315692A41EFA20001256E /* Preview Assets.xcassets in Resources */ = {isa = PBXBuildFile; fileRef = FA8315682A41EFA20001256E /* Preview Assets.xcassets */; };
		FA8315702A41F0850001256E /* TextBootcamp.swift in Sources */ = {isa = PBXBuildFile; fileRef = FA83156F2A41F0850001256E /* TextBootcamp.swift */; };
		FAE18A752A442F8D00E6F57A /* ImageBootcamp.swift in Sources */ = {isa = PBXBuildFile; fileRef = FAE18A742A442F8D00E6F57A /* ImageBootcamp.swift */; };
		FAE18A772A44326800E6F57A /* FrameBootcamp.swift in Sources */ = {isa = PBXBuildFile; fileRef = FAE18A762A44326800E6F57A /* FrameBootcamp.swift */; };
		FAE18A792A4441AD00E6F57A /* BacgoundBootcamp.swift in Sources */ = {isa = PBXBuildFile; fileRef = FAE18A782A4441AD00E6F57A /* BacgoundBootcamp.swift */; };
		FAE3A35E2A4AC80A009D6237 /* SpacerBootcamp.swift in Sources */ = {isa = PBXBuildFile; fileRef = FAE3A35D2A4AC80A009D6237 /* SpacerBootcamp.swift */; };
		FAE3A3602A4ACFB0009D6237 /* InitBootcamp.swift in Sources */ = {isa = PBXBuildFile; fileRef = FAE3A35F2A4ACFB0009D6237 /* InitBootcamp.swift */; };
/* End PBXBuildFile section */

/* Begin PBXFileReference section */
		FA0DAFA52A557393000AD6F5 /* StateBootcamp.swift */ = {isa = PBXFileReference; lastKnownFileType = sourcecode.swift; path = StateBootcamp.swift; sourceTree = "<group>"; };
		FA0DAFA72A5577DC000AD6F5 /* ExtractedBootcamp.swift */ = {isa = PBXFileReference; lastKnownFileType = sourcecode.swift; path = ExtractedBootcamp.swift; sourceTree = "<group>"; };
		FA2CE5782A53F4CF00B3E6B9 /* ButtonsBootcamp.swift */ = {isa = PBXFileReference; lastKnownFileType = sourcecode.swift; path = ButtonsBootcamp.swift; sourceTree = "<group>"; };
		FA387F1F2A529AEB0098E444 /* GrideBootcamp.swift */ = {isa = PBXFileReference; lastKnownFileType = sourcecode.swift; path = GrideBootcamp.swift; sourceTree = "<group>"; };
		FA387F212A52A3B20098E444 /* SafeAreaBootcamp.swift */ = {isa = PBXFileReference; lastKnownFileType = sourcecode.swift; path = SafeAreaBootcamp.swift; sourceTree = "<group>"; };
		FA443EA32A5BED17005DA38D /* ExtractSubviewBootcap.swift */ = {isa = PBXFileReference; lastKnownFileType = sourcecode.swift; path = ExtractSubviewBootcap.swift; sourceTree = "<group>"; };
		FA443EA52A5BF2F2005DA38D /* Bindengootcamp.swift */ = {isa = PBXFileReference; lastKnownFileType = sourcecode.swift; path = Bindengootcamp.swift; sourceTree = "<group>"; };
		FA4D20EA2A5D2B5B00224DA8 /* ConditionakBootcamp.swift */ = {isa = PBXFileReference; lastKnownFileType = sourcecode.swift; path = ConditionakBootcamp.swift; sourceTree = "<group>"; };
		FA4D20EC2A5D354C00224DA8 /* TernaryOperBootcamp.swift */ = {isa = PBXFileReference; lastKnownFileType = sourcecode.swift; path = TernaryOperBootcamp.swift; sourceTree = "<group>"; };
		FA4D20EE2A5D38A600224DA8 /* AnimationBootcamp.swift */ = {isa = PBXFileReference; lastKnownFileType = sourcecode.swift; path = AnimationBootcamp.swift; sourceTree = "<group>"; };
		FA5987BB2A5E8B40003BC031 /* AnimationCurves.swift */ = {isa = PBXFileReference; lastKnownFileType = sourcecode.swift; path = AnimationCurves.swift; sourceTree = "<group>"; };
		FA5987BD2A5E956D003BC031 /* TransitionBootcamp.swift */ = {isa = PBXFileReference; lastKnownFileType = sourcecode.swift; path = TransitionBootcamp.swift; sourceTree = "<group>"; };
		FA5DD83E2A496BCD00A96083 /* StacksBootcamp.swift */ = {isa = PBXFileReference; lastKnownFileType = sourcecode.swift; path = StacksBootcamp.swift; sourceTree = "<group>"; };
		FA5DD8422A49751200A96083 /* PaddingAndSpacerBootcamp.swift */ = {isa = PBXFileReference; lastKnownFileType = sourcecode.swift; path = PaddingAndSpacerBootcamp.swift; sourceTree = "<group>"; };
		FA5F5E422A4D5AB40089EDC1 /* ForEachBootcamp.swift */ = {isa = PBXFileReference; lastKnownFileType = sourcecode.swift; path = ForEachBootcamp.swift; sourceTree = "<group>"; };
		FA5F5E622A4EAA7E0089EDC1 /* ScrollViewBootcamp.swift */ = {isa = PBXFileReference; lastKnownFileType = sourcecode.swift; path = ScrollViewBootcamp.swift; sourceTree = "<group>"; };
		FA5F86392A42DB9400D277B2 /* Shapes.swift */ = {isa = PBXFileReference; lastKnownFileType = sourcecode.swift; path = Shapes.swift; sourceTree = "<group>"; };
		FA5F863B2A42DFD200D277B2 /* ColorBootcamp.swift */ = {isa = PBXFileReference; lastKnownFileType = sourcecode.swift; path = ColorBootcamp.swift; sourceTree = "<group>"; };
		FA5F863D2A42E50700D277B2 /* GradientsBootcamp.swift */ = {isa = PBXFileReference; lastKnownFileType = sourcecode.swift; path = GradientsBootcamp.swift; sourceTree = "<group>"; };
		FA5F863F2A42E90C00D277B2 /* IconBootcamp.swift */ = {isa = PBXFileReference; lastKnownFileType = sourcecode.swift; path = IconBootcamp.swift; sourceTree = "<group>"; };
		FA83155E2A41EFA00001256E /* SwiftUIBootcamp.app */ = {isa = PBXFileReference; explicitFileType = wrapper.application; includeInIndex = 0; path = SwiftUIBootcamp.app; sourceTree = BUILT_PRODUCTS_DIR; };
		FA8315612A41EFA00001256E /* SwiftUIBootcampApp.swift */ = {isa = PBXFileReference; lastKnownFileType = sourcecode.swift; path = SwiftUIBootcampApp.swift; sourceTree = "<group>"; };
		FA8315632A41EFA00001256E /* ContentView.swift */ = {isa = PBXFileReference; lastKnownFileType = sourcecode.swift; path = ContentView.swift; sourceTree = "<group>"; };
		FA8315652A41EFA20001256E /* Assets.xcassets */ = {isa = PBXFileReference; lastKnownFileType = folder.assetcatalog; path = Assets.xcassets; sourceTree = "<group>"; };
		FA8315682A41EFA20001256E /* Preview Assets.xcassets */ = {isa = PBXFileReference; lastKnownFileType = folder.assetcatalog; path = "Preview Assets.xcassets"; sourceTree = "<group>"; };
		FA83156F2A41F0850001256E /* TextBootcamp.swift */ = {isa = PBXFileReference; lastKnownFileType = sourcecode.swift; path = TextBootcamp.swift; sourceTree = "<group>"; };
		FAE18A742A442F8D00E6F57A /* ImageBootcamp.swift */ = {isa = PBXFileReference; lastKnownFileType = sourcecode.swift; path = ImageBootcamp.swift; sourceTree = "<group>"; };
		FAE18A762A44326800E6F57A /* FrameBootcamp.swift */ = {isa = PBXFileReference; lastKnownFileType = sourcecode.swift; path = FrameBootcamp.swift; sourceTree = "<group>"; };
		FAE18A782A4441AD00E6F57A /* BacgoundBootcamp.swift */ = {isa = PBXFileReference; lastKnownFileType = sourcecode.swift; path = BacgoundBootcamp.swift; sourceTree = "<group>"; };
		FAE3A35D2A4AC80A009D6237 /* SpacerBootcamp.swift */ = {isa = PBXFileReference; lastKnownFileType = sourcecode.swift; path = SpacerBootcamp.swift; sourceTree = "<group>"; };
		FAE3A35F2A4ACFB0009D6237 /* InitBootcamp.swift */ = {isa = PBXFileReference; lastKnownFileType = sourcecode.swift; path = InitBootcamp.swift; sourceTree = "<group>"; };
/* End PBXFileReference section */

/* Begin PBXFrameworksBuildPhase section */
		FA83155B2A41EFA00001256E /* Frameworks */ = {
			isa = PBXFrameworksBuildPhase;
			buildActionMask = 2147483647;
			files = (
			);
			runOnlyForDeploymentPostprocessing = 0;
		};
/* End PBXFrameworksBuildPhase section */

/* Begin PBXGroup section */
		FA8315552A41EFA00001256E = {
			isa = PBXGroup;
			children = (
				FA8315602A41EFA00001256E /* SwiftUIBootcamp */,
				FA83155F2A41EFA00001256E /* Products */,
			);
			sourceTree = "<group>";
		};
		FA83155F2A41EFA00001256E /* Products */ = {
			isa = PBXGroup;
			children = (
				FA83155E2A41EFA00001256E /* SwiftUIBootcamp.app */,
			);
			name = Products;
			sourceTree = "<group>";
		};
		FA8315602A41EFA00001256E /* SwiftUIBootcamp */ = {
			isa = PBXGroup;
			children = (
				FA8315612A41EFA00001256E /* SwiftUIBootcampApp.swift */,
				FA8315632A41EFA00001256E /* ContentView.swift */,
				FA83156F2A41F0850001256E /* TextBootcamp.swift */,
				FA5F86392A42DB9400D277B2 /* Shapes.swift */,
				FA5F863B2A42DFD200D277B2 /* ColorBootcamp.swift */,
				FA5F863D2A42E50700D277B2 /* GradientsBootcamp.swift */,
				FA5F863F2A42E90C00D277B2 /* IconBootcamp.swift */,
				FAE18A742A442F8D00E6F57A /* ImageBootcamp.swift */,
				FAE18A762A44326800E6F57A /* FrameBootcamp.swift */,
				FAE18A782A4441AD00E6F57A /* BacgoundBootcamp.swift */,
				FA5DD83E2A496BCD00A96083 /* StacksBootcamp.swift */,
				FA5DD8422A49751200A96083 /* PaddingAndSpacerBootcamp.swift */,
				FAE3A35D2A4AC80A009D6237 /* SpacerBootcamp.swift */,
				FAE3A35F2A4ACFB0009D6237 /* InitBootcamp.swift */,
				FA5F5E422A4D5AB40089EDC1 /* ForEachBootcamp.swift */,
				FA5F5E622A4EAA7E0089EDC1 /* ScrollViewBootcamp.swift */,
				FA387F1F2A529AEB0098E444 /* GrideBootcamp.swift */,
				FA387F212A52A3B20098E444 /* SafeAreaBootcamp.swift */,
				FA2CE5782A53F4CF00B3E6B9 /* ButtonsBootcamp.swift */,
				FA0DAFA52A557393000AD6F5 /* StateBootcamp.swift */,
				FA443EA32A5BED17005DA38D /* ExtractSubviewBootcap.swift */,
				FA0DAFA72A5577DC000AD6F5 /* ExtractedBootcamp.swift */,
				FA443EA52A5BF2F2005DA38D /* Bindengootcamp.swift */,
				FA4D20EA2A5D2B5B00224DA8 /* ConditionakBootcamp.swift */,
				FA4D20EC2A5D354C00224DA8 /* TernaryOperBootcamp.swift */,
				FA4D20EE2A5D38A600224DA8 /* AnimationBootcamp.swift */,
				FA5987BB2A5E8B40003BC031 /* AnimationCurves.swift */,
				FA5987BD2A5E956D003BC031 /* TransitionBootcamp.swift */,
				FA8315652A41EFA20001256E /* Assets.xcassets */,
				FA8315672A41EFA20001256E /* Preview Content */,
			);
			path = SwiftUIBootcamp;
			sourceTree = "<group>";
		};
		FA8315672A41EFA20001256E /* Preview Content */ = {
			isa = PBXGroup;
			children = (
				FA8315682A41EFA20001256E /* Preview Assets.xcassets */,
			);
			path = "Preview Content";
			sourceTree = "<group>";
		};
/* End PBXGroup section */

/* Begin PBXNativeTarget section */
		FA83155D2A41EFA00001256E /* SwiftUIBootcamp */ = {
			isa = PBXNativeTarget;
			buildConfigurationList = FA83156C2A41EFA20001256E /* Build configuration list for PBXNativeTarget "SwiftUIBootcamp" */;
			buildPhases = (
				FA83155A2A41EFA00001256E /* Sources */,
				FA83155B2A41EFA00001256E /* Frameworks */,
				FA83155C2A41EFA00001256E /* Resources */,
			);
			buildRules = (
			);
			dependencies = (
			);
			name = SwiftUIBootcamp;
			productName = SwiftUIBootcamp;
			productReference = FA83155E2A41EFA00001256E /* SwiftUIBootcamp.app */;
			productType = "com.apple.product-type.application";
		};
/* End PBXNativeTarget section */

/* Begin PBXProject section */
		FA8315562A41EFA00001256E /* Project object */ = {
			isa = PBXProject;
			attributes = {
				BuildIndependentTargetsInParallel = 1;
				LastSwiftUpdateCheck = 1420;
				LastUpgradeCheck = 1420;
				TargetAttributes = {
					FA83155D2A41EFA00001256E = {
						CreatedOnToolsVersion = 14.2;
					};
				};
			};
			buildConfigurationList = FA8315592A41EFA00001256E /* Build configuration list for PBXProject "SwiftUIBootcamp" */;
			compatibilityVersion = "Xcode 14.0";
			developmentRegion = en;
			hasScannedForEncodings = 0;
			knownRegions = (
				en,
				Base,
			);
			mainGroup = FA8315552A41EFA00001256E;
			productRefGroup = FA83155F2A41EFA00001256E /* Products */;
			projectDirPath = "";
			projectRoot = "";
			targets = (
				FA83155D2A41EFA00001256E /* SwiftUIBootcamp */,
			);
		};
/* End PBXProject section */

/* Begin PBXResourcesBuildPhase section */
		FA83155C2A41EFA00001256E /* Resources */ = {
			isa = PBXResourcesBuildPhase;
			buildActionMask = 2147483647;
			files = (
				FA8315692A41EFA20001256E /* Preview Assets.xcassets in Resources */,
				FA8315662A41EFA20001256E /* Assets.xcassets in Resources */,
			);
			runOnlyForDeploymentPostprocessing = 0;
		};
/* End PBXResourcesBuildPhase section */

/* Begin PBXSourcesBuildPhase section */
		FA83155A2A41EFA00001256E /* Sources */ = {
			isa = PBXSourcesBuildPhase;
			buildActionMask = 2147483647;
			files = (
				FA0DAFA62A557393000AD6F5 /* StateBootcamp.swift in Sources */,
				FA5987BC2A5E8B40003BC031 /* AnimationCurves.swift in Sources */,
				FA4D20ED2A5D354C00224DA8 /* TernaryOperBootcamp.swift in Sources */,
				FAE3A3602A4ACFB0009D6237 /* InitBootcamp.swift in Sources */,
				FA5F863E2A42E50700D277B2 /* GradientsBootcamp.swift in Sources */,
				FA387F202A529AEB0098E444 /* GrideBootcamp.swift in Sources */,
				FA5F5E632A4EAA7E0089EDC1 /* ScrollViewBootcamp.swift in Sources */,
				FA5F863C2A42DFD200D277B2 /* ColorBootcamp.swift in Sources */,
				FA5DD8432A49751200A96083 /* PaddingAndSpacerBootcamp.swift in Sources */,
				FAE18A772A44326800E6F57A /* FrameBootcamp.swift in Sources */,
				FAE18A792A4441AD00E6F57A /* BacgoundBootcamp.swift in Sources */,
				FA2CE5792A53F4CF00B3E6B9 /* ButtonsBootcamp.swift in Sources */,
				FA0DAFA82A5577DC000AD6F5 /* ExtractedBootcamp.swift in Sources */,
				FA387F222A52A3B20098E444 /* SafeAreaBootcamp.swift in Sources */,
				FA4D20EB2A5D2B5B00224DA8 /* ConditionakBootcamp.swift in Sources */,
				FA443EA42A5BED17005DA38D /* ExtractSubviewBootcap.swift in Sources */,
				FA5F86402A42E90C00D277B2 /* IconBootcamp.swift in Sources */,
				FA8315642A41EFA00001256E /* ContentView.swift in Sources */,
				FA5F5E432A4D5AB40089EDC1 /* ForEachBootcamp.swift in Sources */,
				FA5987BE2A5E956D003BC031 /* TransitionBootcamp.swift in Sources */,
				FA443EA62A5BF2F2005DA38D /* Bindengootcamp.swift in Sources */,
				FA8315702A41F0850001256E /* TextBootcamp.swift in Sources */,
				FA8315622A41EFA00001256E /* SwiftUIBootcampApp.swift in Sources */,
				FA4D20EF2A5D38A600224DA8 /* AnimationBootcamp.swift in Sources */,
				FA5DD83F2A496BCD00A96083 /* StacksBootcamp.swift in Sources */,
				FAE3A35E2A4AC80A009D6237 /* SpacerBootcamp.swift in Sources */,
				FAE18A752A442F8D00E6F57A /* ImageBootcamp.swift in Sources */,
				FA5F863A2A42DB9400D277B2 /* Shapes.swift in Sources */,
			);
			runOnlyForDeploymentPostprocessing = 0;
		};
/* End PBXSourcesBuildPhase section */

/* Begin XCBuildConfiguration section */
		FA83156A2A41EFA20001256E /* Debug */ = {
			isa = XCBuildConfiguration;
			buildSettings = {
				ALWAYS_SEARCH_USER_PATHS = NO;
				CLANG_ANALYZER_NONNULL = YES;
				CLANG_ANALYZER_NUMBER_OBJECT_CONVERSION = YES_AGGRESSIVE;
				CLANG_CXX_LANGUAGE_STANDARD = "gnu++20";
				CLANG_ENABLE_MODULES = YES;
				CLANG_ENABLE_OBJC_ARC = YES;
				CLANG_ENABLE_OBJC_WEAK = YES;
				CLANG_WARN_BLOCK_CAPTURE_AUTORELEASING = YES;
				CLANG_WARN_BOOL_CONVERSION = YES;
				CLANG_WARN_COMMA = YES;
				CLANG_WARN_CONSTANT_CONVERSION = YES;
				CLANG_WARN_DEPRECATED_OBJC_IMPLEMENTATIONS = YES;
				CLANG_WARN_DIRECT_OBJC_ISA_USAGE = YES_ERROR;
				CLANG_WARN_DOCUMENTATION_COMMENTS = YES;
				CLANG_WARN_EMPTY_BODY = YES;
				CLANG_WARN_ENUM_CONVERSION = YES;
				CLANG_WARN_INFINITE_RECURSION = YES;
				CLANG_WARN_INT_CONVERSION = YES;
				CLANG_WARN_NON_LITERAL_NULL_CONVERSION = YES;
				CLANG_WARN_OBJC_IMPLICIT_RETAIN_SELF = YES;
				CLANG_WARN_OBJC_LITERAL_CONVERSION = YES;
				CLANG_WARN_OBJC_ROOT_CLASS = YES_ERROR;
				CLANG_WARN_QUOTED_INCLUDE_IN_FRAMEWORK_HEADER = YES;
				CLANG_WARN_RANGE_LOOP_ANALYSIS = YES;
				CLANG_WARN_STRICT_PROTOTYPES = YES;
				CLANG_WARN_SUSPICIOUS_MOVE = YES;
				CLANG_WARN_UNGUARDED_AVAILABILITY = YES_AGGRESSIVE;
				CLANG_WARN_UNREACHABLE_CODE = YES;
				CLANG_WARN__DUPLICATE_METHOD_MATCH = YES;
				COPY_PHASE_STRIP = NO;
				DEBUG_INFORMATION_FORMAT = dwarf;
				ENABLE_STRICT_OBJC_MSGSEND = YES;
				ENABLE_TESTABILITY = YES;
				GCC_C_LANGUAGE_STANDARD = gnu11;
				GCC_DYNAMIC_NO_PIC = NO;
				GCC_NO_COMMON_BLOCKS = YES;
				GCC_OPTIMIZATION_LEVEL = 0;
				GCC_PREPROCESSOR_DEFINITIONS = (
					"DEBUG=1",
					"$(inherited)",
				);
				GCC_WARN_64_TO_32_BIT_CONVERSION = YES;
				GCC_WARN_ABOUT_RETURN_TYPE = YES_ERROR;
				GCC_WARN_UNDECLARED_SELECTOR = YES;
				GCC_WARN_UNINITIALIZED_AUTOS = YES_AGGRESSIVE;
				GCC_WARN_UNUSED_FUNCTION = YES;
				GCC_WARN_UNUSED_VARIABLE = YES;
				IPHONEOS_DEPLOYMENT_TARGET = 16.2;
				MTL_ENABLE_DEBUG_INFO = INCLUDE_SOURCE;
				MTL_FAST_MATH = YES;
				ONLY_ACTIVE_ARCH = YES;
				SDKROOT = iphoneos;
				SWIFT_ACTIVE_COMPILATION_CONDITIONS = DEBUG;
				SWIFT_OPTIMIZATION_LEVEL = "-Onone";
			};
			name = Debug;
		};
		FA83156B2A41EFA20001256E /* Release */ = {
			isa = XCBuildConfiguration;
			buildSettings = {
				ALWAYS_SEARCH_USER_PATHS = NO;
				CLANG_ANALYZER_NONNULL = YES;
				CLANG_ANALYZER_NUMBER_OBJECT_CONVERSION = YES_AGGRESSIVE;
				CLANG_CXX_LANGUAGE_STANDARD = "gnu++20";
				CLANG_ENABLE_MODULES = YES;
				CLANG_ENABLE_OBJC_ARC = YES;
				CLANG_ENABLE_OBJC_WEAK = YES;
				CLANG_WARN_BLOCK_CAPTURE_AUTORELEASING = YES;
				CLANG_WARN_BOOL_CONVERSION = YES;
				CLANG_WARN_COMMA = YES;
				CLANG_WARN_CONSTANT_CONVERSION = YES;
				CLANG_WARN_DEPRECATED_OBJC_IMPLEMENTATIONS = YES;
				CLANG_WARN_DIRECT_OBJC_ISA_USAGE = YES_ERROR;
				CLANG_WARN_DOCUMENTATION_COMMENTS = YES;
				CLANG_WARN_EMPTY_BODY = YES;
				CLANG_WARN_ENUM_CONVERSION = YES;
				CLANG_WARN_INFINITE_RECURSION = YES;
				CLANG_WARN_INT_CONVERSION = YES;
				CLANG_WARN_NON_LITERAL_NULL_CONVERSION = YES;
				CLANG_WARN_OBJC_IMPLICIT_RETAIN_SELF = YES;
				CLANG_WARN_OBJC_LITERAL_CONVERSION = YES;
				CLANG_WARN_OBJC_ROOT_CLASS = YES_ERROR;
				CLANG_WARN_QUOTED_INCLUDE_IN_FRAMEWORK_HEADER = YES;
				CLANG_WARN_RANGE_LOOP_ANALYSIS = YES;
				CLANG_WARN_STRICT_PROTOTYPES = YES;
				CLANG_WARN_SUSPICIOUS_MOVE = YES;
				CLANG_WARN_UNGUARDED_AVAILABILITY = YES_AGGRESSIVE;
				CLANG_WARN_UNREACHABLE_CODE = YES;
				CLANG_WARN__DUPLICATE_METHOD_MATCH = YES;
				COPY_PHASE_STRIP = NO;
				DEBUG_INFORMATION_FORMAT = "dwarf-with-dsym";
				ENABLE_NS_ASSERTIONS = NO;
				ENABLE_STRICT_OBJC_MSGSEND = YES;
				GCC_C_LANGUAGE_STANDARD = gnu11;
				GCC_NO_COMMON_BLOCKS = YES;
				GCC_WARN_64_TO_32_BIT_CONVERSION = YES;
				GCC_WARN_ABOUT_RETURN_TYPE = YES_ERROR;
				GCC_WARN_UNDECLARED_SELECTOR = YES;
				GCC_WARN_UNINITIALIZED_AUTOS = YES_AGGRESSIVE;
				GCC_WARN_UNUSED_FUNCTION = YES;
				GCC_WARN_UNUSED_VARIABLE = YES;
				IPHONEOS_DEPLOYMENT_TARGET = 16.2;
				MTL_ENABLE_DEBUG_INFO = NO;
				MTL_FAST_MATH = YES;
				SDKROOT = iphoneos;
				SWIFT_COMPILATION_MODE = wholemodule;
				SWIFT_OPTIMIZATION_LEVEL = "-O";
				VALIDATE_PRODUCT = YES;
			};
			name = Release;
		};
		FA83156D2A41EFA20001256E /* Debug */ = {
			isa = XCBuildConfiguration;
			buildSettings = {
				ASSETCATALOG_COMPILER_APPICON_NAME = AppIcon;
				ASSETCATALOG_COMPILER_GLOBAL_ACCENT_COLOR_NAME = AccentColor;
				CODE_SIGN_STYLE = Automatic;
				CURRENT_PROJECT_VERSION = 1;
				DEVELOPMENT_ASSET_PATHS = "\"SwiftUIBootcamp/Preview Content\"";
				ENABLE_PREVIEWS = YES;
				GENERATE_INFOPLIST_FILE = YES;
				INFOPLIST_KEY_UIApplicationSceneManifest_Generation = YES;
				INFOPLIST_KEY_UIApplicationSupportsIndirectInputEvents = YES;
				INFOPLIST_KEY_UILaunchScreen_Generation = YES;
				INFOPLIST_KEY_UISupportedInterfaceOrientations_iPad = "UIInterfaceOrientationPortrait UIInterfaceOrientationPortraitUpsideDown UIInterfaceOrientationLandscapeLeft UIInterfaceOrientationLandscapeRight";
				INFOPLIST_KEY_UISupportedInterfaceOrientations_iPhone = "UIInterfaceOrientationPortrait UIInterfaceOrientationLandscapeLeft UIInterfaceOrientationLandscapeRight";
				LD_RUNPATH_SEARCH_PATHS = (
					"$(inherited)",
					"@executable_path/Frameworks",
				);
				MARKETING_VERSION = 1.0;
				PRODUCT_BUNDLE_IDENTIFIER = RamazanGasratov.SwiftUIBootcamp;
				PRODUCT_NAME = "$(TARGET_NAME)";
				SWIFT_EMIT_LOC_STRINGS = YES;
				SWIFT_VERSION = 5.0;
				TARGETED_DEVICE_FAMILY = "1,2";
			};
			name = Debug;
		};
		FA83156E2A41EFA20001256E /* Release */ = {
			isa = XCBuildConfiguration;
			buildSettings = {
				ASSETCATALOG_COMPILER_APPICON_NAME = AppIcon;
				ASSETCATALOG_COMPILER_GLOBAL_ACCENT_COLOR_NAME = AccentColor;
				CODE_SIGN_STYLE = Automatic;
				CURRENT_PROJECT_VERSION = 1;
				DEVELOPMENT_ASSET_PATHS = "\"SwiftUIBootcamp/Preview Content\"";
				ENABLE_PREVIEWS = YES;
				GENERATE_INFOPLIST_FILE = YES;
				INFOPLIST_KEY_UIApplicationSceneManifest_Generation = YES;
				INFOPLIST_KEY_UIApplicationSupportsIndirectInputEvents = YES;
				INFOPLIST_KEY_UILaunchScreen_Generation = YES;
				INFOPLIST_KEY_UISupportedInterfaceOrientations_iPad = "UIInterfaceOrientationPortrait UIInterfaceOrientationPortraitUpsideDown UIInterfaceOrientationLandscapeLeft UIInterfaceOrientationLandscapeRight";
				INFOPLIST_KEY_UISupportedInterfaceOrientations_iPhone = "UIInterfaceOrientationPortrait UIInterfaceOrientationLandscapeLeft UIInterfaceOrientationLandscapeRight";
				LD_RUNPATH_SEARCH_PATHS = (
					"$(inherited)",
					"@executable_path/Frameworks",
				);
				MARKETING_VERSION = 1.0;
				PRODUCT_BUNDLE_IDENTIFIER = RamazanGasratov.SwiftUIBootcamp;
				PRODUCT_NAME = "$(TARGET_NAME)";
				SWIFT_EMIT_LOC_STRINGS = YES;
				SWIFT_VERSION = 5.0;
				TARGETED_DEVICE_FAMILY = "1,2";
			};
			name = Release;
		};
/* End XCBuildConfiguration section */

/* Begin XCConfigurationList section */
		FA8315592A41EFA00001256E /* Build configuration list for PBXProject "SwiftUIBootcamp" */ = {
			isa = XCConfigurationList;
			buildConfigurations = (
				FA83156A2A41EFA20001256E /* Debug */,
				FA83156B2A41EFA20001256E /* Release */,
			);
			defaultConfigurationIsVisible = 0;
			defaultConfigurationName = Release;
		};
		FA83156C2A41EFA20001256E /* Build configuration list for PBXNativeTarget "SwiftUIBootcamp" */ = {
			isa = XCConfigurationList;
			buildConfigurations = (
				FA83156D2A41EFA20001256E /* Debug */,
				FA83156E2A41EFA20001256E /* Release */,
			);
			defaultConfigurationIsVisible = 0;
			defaultConfigurationName = Release;
		};
/* End XCConfigurationList section */
	};
	rootObject = FA8315562A41EFA00001256E /* Project object */;
}
